{
  "requires": true,
  "lockfileVersion": 1,
  "dependencies": {
    "@aws-cdk/assets": {
      "version": "1.22.0",
      "resolved": "https://repo.forge.lmig.com/api/npm/npm/@aws-cdk/assets/-/assets-1.22.0.tgz",
      "integrity": "sha1-SeEUo2WoLGHnJSybPisi6vQ3KhA=",
      "requires": {
        "@aws-cdk/core": "1.22.0",
        "@aws-cdk/cx-api": "1.22.0",
        "minimatch": "^3.0.4"
      },
      "dependencies": {
        "balanced-match": {
          "version": "1.0.0",
          "bundled": true
        },
        "brace-expansion": {
          "version": "1.1.11",
          "bundled": true,
          "requires": {
            "balanced-match": "^1.0.0",
            "concat-map": "0.0.1"
          }
        },
        "concat-map": {
          "version": "0.0.1",
          "bundled": true
        },
        "minimatch": {
          "version": "3.0.4",
          "bundled": true,
          "requires": {
            "brace-expansion": "^1.1.7"
          }
        }
      }
    },
    "@aws-cdk/aws-apigateway": {
      "version": "1.22.0",
      "resolved": "https://repo.forge.lmig.com/api/npm/npm/@aws-cdk/aws-apigateway/-/aws-apigateway-1.22.0.tgz",
      "integrity": "sha1-oixCjcXC/8pSLJeUrMQXJBUa/a4=",
      "requires": {
        "@aws-cdk/aws-certificatemanager": "1.22.0",
        "@aws-cdk/aws-elasticloadbalancingv2": "1.22.0",
        "@aws-cdk/aws-iam": "1.22.0",
        "@aws-cdk/aws-lambda": "1.22.0",
        "@aws-cdk/core": "1.22.0"
      }
    },
    "@aws-cdk/aws-applicationautoscaling": {
      "version": "1.22.0",
      "resolved": "https://repo.forge.lmig.com/api/npm/npm/@aws-cdk/aws-applicationautoscaling/-/aws-applicationautoscaling-1.22.0.tgz",
      "integrity": "sha1-IPxdvXEEhDB4piLIsLeu+69CF0Y=",
      "requires": {
        "@aws-cdk/aws-autoscaling-common": "1.22.0",
        "@aws-cdk/aws-cloudwatch": "1.22.0",
        "@aws-cdk/aws-iam": "1.22.0",
        "@aws-cdk/core": "1.22.0"
      }
    },
    "@aws-cdk/aws-autoscaling-common": {
      "version": "1.22.0",
      "resolved": "https://repo.forge.lmig.com/api/npm/npm/@aws-cdk/aws-autoscaling-common/-/aws-autoscaling-common-1.22.0.tgz",
      "integrity": "sha1-0GG0rX0z9dVsW+Jq7nFipaYXfb4=",
      "requires": {
        "@aws-cdk/aws-iam": "1.22.0",
        "@aws-cdk/core": "1.22.0"
      }
    },
    "@aws-cdk/aws-certificatemanager": {
      "version": "1.22.0",
      "resolved": "https://repo.forge.lmig.com/api/npm/npm/@aws-cdk/aws-certificatemanager/-/aws-certificatemanager-1.22.0.tgz",
      "integrity": "sha1-K/+Igk6veCyLa9PF4PcWqvpRNBM=",
      "requires": {
        "@aws-cdk/aws-cloudformation": "1.22.0",
        "@aws-cdk/aws-iam": "1.22.0",
        "@aws-cdk/aws-lambda": "1.22.0",
        "@aws-cdk/aws-route53": "1.22.0",
        "@aws-cdk/core": "1.22.0"
      }
    },
    "@aws-cdk/aws-cloudformation": {
      "version": "1.22.0",
      "resolved": "https://repo.forge.lmig.com/api/npm/npm/@aws-cdk/aws-cloudformation/-/aws-cloudformation-1.22.0.tgz",
      "integrity": "sha1-pT2PHYwsuYU4t6ZYSOK9J6v0Pz0=",
      "requires": {
        "@aws-cdk/aws-iam": "1.22.0",
        "@aws-cdk/aws-lambda": "1.22.0",
        "@aws-cdk/aws-s3": "1.22.0",
        "@aws-cdk/aws-sns": "1.22.0",
        "@aws-cdk/core": "1.22.0",
        "@aws-cdk/cx-api": "1.22.0"
      }
    },
    "@aws-cdk/aws-cloudwatch": {
      "version": "1.22.0",
      "resolved": "https://repo.forge.lmig.com/api/npm/npm/@aws-cdk/aws-cloudwatch/-/aws-cloudwatch-1.22.0.tgz",
      "integrity": "sha1-VFzRS9c0yvCGQNrEz61eHcvXOkc=",
      "requires": {
        "@aws-cdk/aws-iam": "1.22.0",
        "@aws-cdk/core": "1.22.0"
      }
    },
    "@aws-cdk/aws-dynamodb": {
      "version": "1.22.0",
      "resolved": "https://repo.forge.lmig.com/api/npm/npm/@aws-cdk/aws-dynamodb/-/aws-dynamodb-1.22.0.tgz",
      "integrity": "sha1-yKIxU4yCn+qRv57jWybVaiFq8H4=",
      "requires": {
        "@aws-cdk/aws-applicationautoscaling": "1.22.0",
        "@aws-cdk/aws-iam": "1.22.0",
        "@aws-cdk/core": "1.22.0"
      }
    },
    "@aws-cdk/aws-ec2": {
      "version": "1.22.0",
      "resolved": "https://repo.forge.lmig.com/api/npm/npm/@aws-cdk/aws-ec2/-/aws-ec2-1.22.0.tgz",
      "integrity": "sha1-0J3UKPqopHrTBAEYp/krEiXEvzI=",
      "requires": {
        "@aws-cdk/aws-cloudwatch": "1.22.0",
        "@aws-cdk/aws-iam": "1.22.0",
        "@aws-cdk/aws-ssm": "1.22.0",
        "@aws-cdk/core": "1.22.0",
        "@aws-cdk/cx-api": "1.22.0"
      }
    },
    "@aws-cdk/aws-elasticloadbalancingv2": {
      "version": "1.22.0",
      "resolved": "https://repo.forge.lmig.com/api/npm/npm/@aws-cdk/aws-elasticloadbalancingv2/-/aws-elasticloadbalancingv2-1.22.0.tgz",
      "integrity": "sha1-Nod4+wG4Rrf8kfyYzlPE/FZYvJ8=",
      "requires": {
        "@aws-cdk/aws-certificatemanager": "1.22.0",
        "@aws-cdk/aws-cloudwatch": "1.22.0",
        "@aws-cdk/aws-ec2": "1.22.0",
        "@aws-cdk/aws-iam": "1.22.0",
        "@aws-cdk/aws-lambda": "1.22.0",
        "@aws-cdk/aws-s3": "1.22.0",
        "@aws-cdk/core": "1.22.0"
      }
    },
    "@aws-cdk/aws-events": {
      "version": "1.22.0",
      "resolved": "https://repo.forge.lmig.com/api/npm/npm/@aws-cdk/aws-events/-/aws-events-1.22.0.tgz",
      "integrity": "sha1-YykHx/ZdVsIucvACDhaBX0hTcCE=",
      "requires": {
        "@aws-cdk/aws-iam": "1.22.0",
        "@aws-cdk/core": "1.22.0"
      }
    },
    "@aws-cdk/aws-iam": {
      "version": "1.22.0",
      "resolved": "https://repo.forge.lmig.com/api/npm/npm/@aws-cdk/aws-iam/-/aws-iam-1.22.0.tgz",
      "integrity": "sha1-W4O/AfXJtSt+ICof4cEWd33L3oo=",
      "requires": {
        "@aws-cdk/core": "1.22.0",
        "@aws-cdk/region-info": "1.22.0"
      }
    },
    "@aws-cdk/aws-kms": {
      "version": "1.22.0",
      "resolved": "https://repo.forge.lmig.com/api/npm/npm/@aws-cdk/aws-kms/-/aws-kms-1.22.0.tgz",
      "integrity": "sha1-cK1SWSoamZD7zyrwEMJJ8be9g6c=",
      "requires": {
        "@aws-cdk/aws-iam": "1.22.0",
        "@aws-cdk/core": "1.22.0"
      }
    },
    "@aws-cdk/aws-lambda": {
      "version": "1.22.0",
      "resolved": "https://repo.forge.lmig.com/api/npm/npm/@aws-cdk/aws-lambda/-/aws-lambda-1.22.0.tgz",
      "integrity": "sha1-Hx0Tosm1a/O7ZypBXXARAi2K/3Y=",
      "requires": {
        "@aws-cdk/aws-cloudwatch": "1.22.0",
        "@aws-cdk/aws-ec2": "1.22.0",
        "@aws-cdk/aws-events": "1.22.0",
        "@aws-cdk/aws-iam": "1.22.0",
        "@aws-cdk/aws-logs": "1.22.0",
        "@aws-cdk/aws-s3": "1.22.0",
        "@aws-cdk/aws-s3-assets": "1.22.0",
        "@aws-cdk/aws-sqs": "1.22.0",
        "@aws-cdk/core": "1.22.0",
        "@aws-cdk/cx-api": "1.22.0"
      }
    },
    "@aws-cdk/aws-logs": {
      "version": "1.22.0",
      "resolved": "https://repo.forge.lmig.com/api/npm/npm/@aws-cdk/aws-logs/-/aws-logs-1.22.0.tgz",
      "integrity": "sha1-ZRuiVyee3pLQo974osTSqZuFKrg=",
      "requires": {
        "@aws-cdk/aws-cloudwatch": "1.22.0",
        "@aws-cdk/aws-iam": "1.22.0",
        "@aws-cdk/core": "1.22.0"
      }
    },
    "@aws-cdk/aws-route53": {
      "version": "1.22.0",
      "resolved": "https://repo.forge.lmig.com/api/npm/npm/@aws-cdk/aws-route53/-/aws-route53-1.22.0.tgz",
      "integrity": "sha1-GOXfno5OImB7FEMeTxsHGLSQgEI=",
      "requires": {
        "@aws-cdk/aws-ec2": "1.22.0",
        "@aws-cdk/aws-logs": "1.22.0",
        "@aws-cdk/core": "1.22.0",
        "@aws-cdk/cx-api": "1.22.0"
      }
    },
    "@aws-cdk/aws-s3": {
      "version": "1.22.0",
      "resolved": "https://repo.forge.lmig.com/api/npm/npm/@aws-cdk/aws-s3/-/aws-s3-1.22.0.tgz",
      "integrity": "sha1-ptAXkXmf3Kme+Q9AHoMDVQzUZ/M=",
      "requires": {
        "@aws-cdk/aws-events": "1.22.0",
        "@aws-cdk/aws-iam": "1.22.0",
        "@aws-cdk/aws-kms": "1.22.0",
        "@aws-cdk/core": "1.22.0"
      }
    },
    "@aws-cdk/aws-s3-assets": {
      "version": "1.22.0",
      "resolved": "https://repo.forge.lmig.com/api/npm/npm/@aws-cdk/aws-s3-assets/-/aws-s3-assets-1.22.0.tgz",
      "integrity": "sha1-a+541N6x07afW7ci9DG3FYqwF64=",
      "requires": {
        "@aws-cdk/assets": "1.22.0",
        "@aws-cdk/aws-iam": "1.22.0",
        "@aws-cdk/aws-s3": "1.22.0",
        "@aws-cdk/core": "1.22.0",
        "@aws-cdk/cx-api": "1.22.0"
      }
    },
    "@aws-cdk/aws-sns": {
      "version": "1.22.0",
      "resolved": "https://repo.forge.lmig.com/api/npm/npm/@aws-cdk/aws-sns/-/aws-sns-1.22.0.tgz",
      "integrity": "sha1-S89wGB1KWKoOe3OAOH7bC86CTYA=",
      "requires": {
        "@aws-cdk/aws-cloudwatch": "1.22.0",
        "@aws-cdk/aws-events": "1.22.0",
        "@aws-cdk/aws-iam": "1.22.0",
        "@aws-cdk/aws-kms": "1.22.0",
        "@aws-cdk/core": "1.22.0"
      }
    },
    "@aws-cdk/aws-sqs": {
      "version": "1.22.0",
      "resolved": "https://repo.forge.lmig.com/api/npm/npm/@aws-cdk/aws-sqs/-/aws-sqs-1.22.0.tgz",
      "integrity": "sha1-YtXJ3V9XMHmF7KMQrYKwKn4JF5E=",
      "requires": {
        "@aws-cdk/aws-cloudwatch": "1.22.0",
        "@aws-cdk/aws-iam": "1.22.0",
        "@aws-cdk/aws-kms": "1.22.0",
        "@aws-cdk/core": "1.22.0"
      }
    },
    "@aws-cdk/aws-ssm": {
      "version": "1.22.0",
      "resolved": "https://repo.forge.lmig.com/api/npm/npm/@aws-cdk/aws-ssm/-/aws-ssm-1.22.0.tgz",
      "integrity": "sha1-YNNg46qQSDK+afCd8ZBS2eVhPJA=",
      "requires": {
        "@aws-cdk/aws-iam": "1.22.0",
        "@aws-cdk/aws-kms": "1.22.0",
        "@aws-cdk/core": "1.22.0",
        "@aws-cdk/cx-api": "1.22.0"
      }
    },
    "@aws-cdk/core": {
      "version": "1.22.0",
      "resolved": "https://repo.forge.lmig.com/api/npm/npm/@aws-cdk/core/-/core-1.22.0.tgz",
      "integrity": "sha1-Rcxeli5xw0mI0kMQRxG1VY3LS8E=",
      "requires": {
        "@aws-cdk/cx-api": "1.22.0"
      }
    },
    "@aws-cdk/cx-api": {
      "version": "1.22.0",
      "resolved": "https://repo.forge.lmig.com/api/npm/npm/@aws-cdk/cx-api/-/cx-api-1.22.0.tgz",
      "integrity": "sha1-2NpTMtZcG++3PEVbMWueTj6nifE=",
      "requires": {
        "semver": "^7.1.1"
      },
      "dependencies": {
        "semver": {
          "version": "7.1.1",
          "bundled": true
        }
      }
    },
    "@aws-cdk/region-info": {
      "version": "1.22.0",
      "resolved": "https://repo.forge.lmig.com/api/npm/npm/@aws-cdk/region-info/-/region-info-1.22.0.tgz",
      "integrity": "sha1-SdM7P6sin6P0dvIiR0pUZ7/XZgc="
    }
  }
}
