{
  "name": "unreliable",
  "version": "1.0.0",
  "lockfileVersion": 1,
  "requires": true,
  "dependencies": {
    "@types/node": {
      "version": "10.17.5",
      "resolved": "https://registry.npmjs.org/@types/node/-/node-10.17.5.tgz",
      "integrity": "sha512-RElZIr/7JreF1eY6oD5RF3kpmdcreuQPjg5ri4oQ5g9sq7YWU8HkfB3eH8GwAwxf5OaCh0VPi7r4N/yoTGelrA==",
      "dev": true
    },
    "circuitbreaker-lambda": {
      "version": "0.0.1",
      "resolved": "https://registry.npmjs.org/circuitbreaker-lambda/-/circuitbreaker-lambda-0.0.1.tgz",
      "integrity": "sha512-dsuESfzFO4TNwAE12ZiQRCYmAnva7SRN8QZIUwOWeJTKsA+C1GT/OC5WnUPWdspdt1s4MHJMoR7JzeAWcCmvkw=="
    },
    "typescript": {
      "version": "3.7.5",
      "resolved": "https://registry.npmjs.org/typescript/-/typescript-3.7.5.tgz",
      "integrity": "sha512-/P5lkRXkWHNAbcJIiHPfRoKqyd7bsyCma1hZNUGfn20qm64T6ZBlrzprymeu918H+mB/0rIg2gGK/BXkhhYgBw==",
      "dev": true
    }
  }
}
