{
  "name": "unreliable",
  "version": "1.0.0",
  "lockfileVersion": 1,
  "requires": true,
  "dependencies": {
    "circuitbreaker-lambda": {
      "version": "0.0.1",
      "resolved": "https://registry.npmjs.org/circuitbreaker-lambda/-/circuitbreaker-lambda-0.0.1.tgz",
      "integrity": "sha512-dsuESfzFO4TNwAE12ZiQRCYmAnva7SRN8QZIUwOWeJTKsA+C1GT/OC5WnUPWdspdt1s4MHJMoR7JzeAWcCmvkw=="
    }
  }
}
