{
  "name": "create3",
  "version": "1.0.0",
  "lockfileVersion": 1,
  "requires": true,
  "dependencies": {
    "@types/uuid": {
      "version": "8.3.0",
      "resolved": "https://registry.npmjs.org/@types/uuid/-/uuid-8.3.0.tgz",
      "integrity": "sha512-eQ9qFW/fhfGJF8WKHGEHZEyVWfZxrT+6CLIJGBcZPfxUh/+BnEj+UCGYMlr9qZuX/2AltsvwrGqp0LhEW8D0zQ=="
    },
    "uuid": {
      "version": "8.3.0",
      "resolved": "https://registry.npmjs.org/uuid/-/uuid-8.3.0.tgz",
      "integrity": "sha512-fX6Z5o4m6XsXBdli9g7DtWgAx+osMsRRZFKma1mIUsLCz6vRvv+pz5VNbyu9UEDzpMWulZfvpgb/cmDXVulYFQ=="
    },
    "uuidv4": {
      "version": "6.2.3",
      "resolved": "https://registry.npmjs.org/uuidv4/-/uuidv4-6.2.3.tgz",
      "integrity": "sha512-4hxGisl76Y6A7nkadg5gMrPGVYVGLmJ3fZHVvmnXsy+8DMA7n7YV/4Y72Fw38CCwpZpyPgOaa/4YxhkCYwyNNQ==",
      "requires": {
        "@types/uuid": "8.3.0",
        "uuid": "8.3.0"
      }
    }
  }
}
